
Microsoft Visual Studio Solution File, Format Version 12.00
# Visual Studio Version 17
VisualStudioVersion = 17.8.34309.116
MinimumVisualStudioVersion = 10.0.40219.1
Project("{FAE04EC0-301F-11D3-BF4B-00C04F79EFBC}") = "BAC", "BAC\BAC.csproj", "{21D1452C-9AA3-4026-A37E-5972CF45F38D}"
EndProject
Global
	GlobalSection(SolutionConfigurationPlatforms) = preSolution
		Debug|Any CPU = Debug|Any CPU
		Release|Any CPU = Release|Any CPU
	EndGlobalSection
	GlobalSection(ProjectConfigurationPlatforms) = postSolution
		{21D1452C-9AA3-4026-A37E-5972CF45F38D}.Debug|Any CPU.ActiveCfg = Debug|Any CPU
		{21D1452C-9AA3-4026-A37E-5972CF45F38D}.Debug|Any CPU.Build.0 = Debug|Any CPU
		{21D1452C-9AA3-4026-A37E-5972CF45F38D}.Release|Any CPU.ActiveCfg = Release|Any CPU
		{21D1452C-9AA3-4026-A37E-5972CF45F38D}.Release|Any CPU.Build.0 = Release|Any CPU
	EndGlobalSection
	GlobalSection(SolutionProperties) = preSolution
		HideSolutionNode = FALSE
	EndGlobalSection
	GlobalSection(ExtensibilityGlobals) = postSolution
		SolutionGuid = {357FA317-0C56-4BE2-8B7A-BBDACE2A37B9}
	EndGlobalSection
EndGlobal
